// !$*UTF8*$!
{
	archiveVersion = 1;
	classes = {
	};
	objectVersion = 50;
	objects = {

/* Begin PBXBuildFile section */
		C775C19726AC91D20024D8E5 /* main.cpp in Sources */ = {isa = PBXBuildFile; fileRef = C775C19626AC91D20024D8E5 /* main.cpp */; };
		C775C1A126ACBDBF0024D8E5 /* libglfw3.a in Frameworks */ = {isa = PBXBuildFile; fileRef = C775C1A026ACBDBF0024D8E5 /* libglfw3.a */; };
		C775C1AA26ACBF360024D8E5 /* glad.c in Sources */ = {isa = PBXBuildFile; fileRef = C775C1A926ACBF360024D8E5 /* glad.c */; };
		C775C1AD26ACBFD80024D8E5 /* AppKit.framework in Frameworks */ = {isa = PBXBuildFile; fileRef = C775C1AC26ACBFD80024D8E5 /* AppKit.framework */; };
		C775C1AF26ACBFE60024D8E5 /* IOKit.framework in Frameworks */ = {isa = PBXBuildFile; fileRef = C775C1AE26ACBFE60024D8E5 /* IOKit.framework */; };
		C775C1B126ACBFF70024D8E5 /* CoreFoundation.framework in Frameworks */ = {isa = PBXBuildFile; fileRef = C775C1B026ACBFF70024D8E5 /* CoreFoundation.framework */; };
		C775C1B326ACC0060024D8E5 /* Foundation.framework in Frameworks */ = {isa = PBXBuildFile; fileRef = C775C1B226ACC0060024D8E5 /* Foundation.framework */; };
		C775C1B526ACC0150024D8E5 /* CoreGraphics.framework in Frameworks */ = {isa = PBXBuildFile; fileRef = C775C1B426ACC0150024D8E5 /* CoreGraphics.framework */; };
/* End PBXBuildFile section */

/* Begin PBXCopyFilesBuildPhase section */
		C775C19126AC91D20024D8E5 /* CopyFiles */ = {
			isa = PBXCopyFilesBuildPhase;
			buildActionMask = 2147483647;
			dstPath = /usr/share/man/man1/;
			dstSubfolderSpec = 0;
			files = (
			);
			runOnlyForDeploymentPostprocessing = 1;
		};
		C7E4066F26CBB50400AA291D /* Copy Files */ = {
			isa = PBXCopyFilesBuildPhase;
			buildActionMask = 2147483647;
			dstPath = "";
			dstSubfolderSpec = 7;
			files = (
			);
			name = "Copy Files";
			runOnlyForDeploymentPostprocessing = 0;
		};
/* End PBXCopyFilesBuildPhase section */

/* Begin PBXFileReference section */
		C775C19326AC91D20024D8E5 /* HelloOpenGL */ = {isa = PBXFileReference; explicitFileType = "compiled.mach-o.executable"; includeInIndex = 0; path = HelloOpenGL; sourceTree = BUILT_PRODUCTS_DIR; };
		C775C19626AC91D20024D8E5 /* main.cpp */ = {isa = PBXFileReference; lastKnownFileType = sourcecode.cpp.cpp; path = main.cpp; sourceTree = "<group>"; };
		C775C1A026ACBDBF0024D8E5 /* libglfw3.a */ = {isa = PBXFileReference; lastKnownFileType = archive.ar; path = libglfw3.a; sourceTree = "<group>"; };
		C775C1A926ACBF360024D8E5 /* glad.c */ = {isa = PBXFileReference; fileEncoding = 4; lastKnownFileType = sourcecode.c.c; name = glad.c; path = Externals/glad.c; sourceTree = SOURCE_ROOT; };
		C775C1AC26ACBFD80024D8E5 /* AppKit.framework */ = {isa = PBXFileReference; lastKnownFileType = wrapper.framework; name = AppKit.framework; path = System/Library/Frameworks/AppKit.framework; sourceTree = SDKROOT; };
		C775C1AE26ACBFE60024D8E5 /* IOKit.framework */ = {isa = PBXFileReference; lastKnownFileType = wrapper.framework; name = IOKit.framework; path = System/Library/Frameworks/IOKit.framework; sourceTree = SDKROOT; };
		C775C1B026ACBFF70024D8E5 /* CoreFoundation.framework */ = {isa = PBXFileReference; lastKnownFileType = wrapper.framework; name = CoreFoundation.framework; path = System/Library/Frameworks/CoreFoundation.framework; sourceTree = SDKROOT; };
		C775C1B226ACC0060024D8E5 /* Foundation.framework */ = {isa = PBXFileReference; lastKnownFileType = wrapper.framework; name = Foundation.framework; path = System/Library/Frameworks/Foundation.framework; sourceTree = SDKROOT; };
		C775C1B426ACC0150024D8E5 /* CoreGraphics.framework */ = {isa = PBXFileReference; lastKnownFileType = wrapper.framework; name = CoreGraphics.framework; path = System/Library/Frameworks/CoreGraphics.framework; sourceTree = SDKROOT; };
		C77FA71427080D990021E958 /* khrplatform.h */ = {isa = PBXFileReference; fileEncoding = 4; lastKnownFileType = sourcecode.c.h; path = khrplatform.h; sourceTree = "<group>"; };
		C77FA71827080D990021E958 /* glad.h */ = {isa = PBXFileReference; fileEncoding = 4; lastKnownFileType = sourcecode.c.h; path = glad.h; sourceTree = "<group>"; };
		C77FA71A27080D990021E958 /* glfw3.h */ = {isa = PBXFileReference; fileEncoding = 4; lastKnownFileType = sourcecode.c.h; path = glfw3.h; sourceTree = "<group>"; };
		C77FA71B27080D990021E958 /* glfw3native.h */ = {isa = PBXFileReference; fileEncoding = 4; lastKnownFileType = sourcecode.c.h; path = glfw3native.h; sourceTree = "<group>"; };
/* End PBXFileReference section */

/* Begin PBXFrameworksBuildPhase section */
		C775C19026AC91D20024D8E5 /* Frameworks */ = {
			isa = PBXFrameworksBuildPhase;
			buildActionMask = 2147483647;
			files = (
				C775C1B526ACC0150024D8E5 /* CoreGraphics.framework in Frameworks */,
				C775C1B326ACC0060024D8E5 /* Foundation.framework in Frameworks */,
				C775C1B126ACBFF70024D8E5 /* CoreFoundation.framework in Frameworks */,
				C775C1AF26ACBFE60024D8E5 /* IOKit.framework in Frameworks */,
				C775C1AD26ACBFD80024D8E5 /* AppKit.framework in Frameworks */,
				C775C1A126ACBDBF0024D8E5 /* libglfw3.a in Frameworks */,
			);
			runOnlyForDeploymentPostprocessing = 0;
		};
/* End PBXFrameworksBuildPhase section */

/* Begin PBXGroup section */
		C775C18A26AC91D20024D8E5 = {
			isa = PBXGroup;
			children = (
				C775C19D26ACBB6B0024D8E5 /* Externals */,
				C775C19526AC91D20024D8E5 /* HelloOpenGL */,
				C775C19426AC91D20024D8E5 /* Products */,
				C775C1AB26ACBFD80024D8E5 /* Frameworks */,
			);
			sourceTree = "<group>";
		};
		C775C19426AC91D20024D8E5 /* Products */ = {
			isa = PBXGroup;
			children = (
				C775C19326AC91D20024D8E5 /* HelloOpenGL */,
			);
			name = Products;
			sourceTree = "<group>";
		};
		C775C19526AC91D20024D8E5 /* HelloOpenGL */ = {
			isa = PBXGroup;
			children = (
				C775C19626AC91D20024D8E5 /* main.cpp */,
			);
			path = HelloOpenGL;
			sourceTree = "<group>";
		};
		C775C19D26ACBB6B0024D8E5 /* Externals */ = {
			isa = PBXGroup;
			children = (
				C77FA71127080D990021E958 /* Include */,
				C775C1A926ACBF360024D8E5 /* glad.c */,
				C775C19E26ACBB980024D8E5 /* Libraries */,
			);
			path = Externals;
			sourceTree = "<group>";
		};
		C775C19E26ACBB980024D8E5 /* Libraries */ = {
			isa = PBXGroup;
			children = (
				C775C1A026ACBDBF0024D8E5 /* libglfw3.a */,
			);
			path = Libraries;
			sourceTree = "<group>";
		};
		C775C1AB26ACBFD80024D8E5 /* Frameworks */ = {
			isa = PBXGroup;
			children = (
				C775C1B426ACC0150024D8E5 /* CoreGraphics.framework */,
				C775C1B226ACC0060024D8E5 /* Foundation.framework */,
				C775C1B026ACBFF70024D8E5 /* CoreFoundation.framework */,
				C775C1AE26ACBFE60024D8E5 /* IOKit.framework */,
				C775C1AC26ACBFD80024D8E5 /* AppKit.framework */,
			);
			name = Frameworks;
			sourceTree = "<group>";
		};
		C77FA71127080D990021E958 /* Include */ = {
			isa = PBXGroup;
			children = (
				C77FA71327080D990021E958 /* KHR */,
				C77FA71727080D990021E958 /* glad */,
				C77FA71927080D990021E958 /* GLFW */,
			);
			path = Include;
			sourceTree = "<group>";
		};
		C77FA71327080D990021E958 /* KHR */ = {
			isa = PBXGroup;
			children = (
				C77FA71427080D990021E958 /* khrplatform.h */,
			);
			path = KHR;
			sourceTree = "<group>";
		};
		C77FA71727080D990021E958 /* glad */ = {
			isa = PBXGroup;
			children = (
				C77FA71827080D990021E958 /* glad.h */,
			);
			path = glad;
			sourceTree = "<group>";
		};
		C77FA71927080D990021E958 /* GLFW */ = {
			isa = PBXGroup;
			children = (
				C77FA71A27080D990021E958 /* glfw3.h */,
				C77FA71B27080D990021E958 /* glfw3native.h */,
			);
			path = GLFW;
			sourceTree = "<group>";
		};
/* End PBXGroup section */

/* Begin PBXNativeTarget section */
		C775C19226AC91D20024D8E5 /* HelloOpenGL */ = {
			isa = PBXNativeTarget;
			buildConfigurationList = C775C19A26AC91D20024D8E5 /* Build configuration list for PBXNativeTarget "HelloOpenGL" */;
			buildPhases = (
				C775C18F26AC91D20024D8E5 /* Sources */,
				C775C19026AC91D20024D8E5 /* Frameworks */,
				C775C19126AC91D20024D8E5 /* CopyFiles */,
				C7E4066F26CBB50400AA291D /* Copy Files */,
			);
			buildRules = (
			);
			dependencies = (
			);
			name = HelloOpenGL;
			productName = HelloOpenGL;
			productReference = C775C19326AC91D20024D8E5 /* HelloOpenGL */;
			productType = "com.apple.product-type.tool";
		};
/* End PBXNativeTarget section */

/* Begin PBXProject section */
		C775C18B26AC91D20024D8E5 /* Project object */ = {
			isa = PBXProject;
			attributes = {
				LastUpgradeCheck = 1250;
				TargetAttributes = {
					C775C19226AC91D20024D8E5 = {
						CreatedOnToolsVersion = 12.5.1;
					};
				};
			};
			buildConfigurationList = C775C18E26AC91D20024D8E5 /* Build configuration list for PBXProject "HelloOpenGL" */;
			compatibilityVersion = "Xcode 9.3";
			developmentRegion = en;
			hasScannedForEncodings = 0;
			knownRegions = (
				en,
				Base,
			);
			mainGroup = C775C18A26AC91D20024D8E5;
			productRefGroup = C775C19426AC91D20024D8E5 /* Products */;
			projectDirPath = "";
			projectRoot = "";
			targets = (
				C775C19226AC91D20024D8E5 /* HelloOpenGL */,
			);
		};
/* End PBXProject section */

/* Begin PBXSourcesBuildPhase section */
		C775C18F26AC91D20024D8E5 /* Sources */ = {
			isa = PBXSourcesBuildPhase;
			buildActionMask = 2147483647;
			files = (
				C775C19726AC91D20024D8E5 /* main.cpp in Sources */,
				C775C1AA26ACBF360024D8E5 /* glad.c in Sources */,
			);
			runOnlyForDeploymentPostprocessing = 0;
		};
/* End PBXSourcesBuildPhase section */

/* Begin XCBuildConfiguration section */
		C775C19826AC91D20024D8E5 /* Debug */ = {
			isa = XCBuildConfiguration;
			buildSettings = {
				ALWAYS_SEARCH_USER_PATHS = NO;
				CLANG_ANALYZER_NONNULL = YES;
				CLANG_ANALYZER_NUMBER_OBJECT_CONVERSION = YES_AGGRESSIVE;
				CLANG_CXX_LANGUAGE_STANDARD = "gnu++14";
				CLANG_CXX_LIBRARY = "libc++";
				CLANG_ENABLE_MODULES = YES;
				CLANG_ENABLE_OBJC_ARC = YES;
				CLANG_ENABLE_OBJC_WEAK = YES;
				CLANG_WARN_BLOCK_CAPTURE_AUTORELEASING = YES;
				CLANG_WARN_BOOL_CONVERSION = YES;
				CLANG_WARN_COMMA = YES;
				CLANG_WARN_CONSTANT_CONVERSION = YES;
				CLANG_WARN_DEPRECATED_OBJC_IMPLEMENTATIONS = YES;
				CLANG_WARN_DIRECT_OBJC_ISA_USAGE = YES_ERROR;
				CLANG_WARN_DOCUMENTATION_COMMENTS = YES;
				CLANG_WARN_EMPTY_BODY = YES;
				CLANG_WARN_ENUM_CONVERSION = YES;
				CLANG_WARN_INFINITE_RECURSION = YES;
				CLANG_WARN_INT_CONVERSION = YES;
				CLANG_WARN_NON_LITERAL_NULL_CONVERSION = YES;
				CLANG_WARN_OBJC_IMPLICIT_RETAIN_SELF = YES;
				CLANG_WARN_OBJC_LITERAL_CONVERSION = YES;
				CLANG_WARN_OBJC_ROOT_CLASS = YES_ERROR;
				CLANG_WARN_QUOTED_INCLUDE_IN_FRAMEWORK_HEADER = YES;
				CLANG_WARN_RANGE_LOOP_ANALYSIS = YES;
				CLANG_WARN_STRICT_PROTOTYPES = YES;
				CLANG_WARN_SUSPICIOUS_MOVE = YES;
				CLANG_WARN_UNGUARDED_AVAILABILITY = YES_AGGRESSIVE;
				CLANG_WARN_UNREACHABLE_CODE = YES;
				CLANG_WARN__DUPLICATE_METHOD_MATCH = YES;
				COPY_PHASE_STRIP = NO;
				DEBUG_INFORMATION_FORMAT = dwarf;
				ENABLE_STRICT_OBJC_MSGSEND = YES;
				ENABLE_TESTABILITY = YES;
				GCC_C_LANGUAGE_STANDARD = gnu11;
				GCC_DYNAMIC_NO_PIC = NO;
				GCC_NO_COMMON_BLOCKS = YES;
				GCC_OPTIMIZATION_LEVEL = 0;
				GCC_PREPROCESSOR_DEFINITIONS = (
					"DEBUG=1",
					"$(inherited)",
				);
				GCC_WARN_64_TO_32_BIT_CONVERSION = YES;
				GCC_WARN_ABOUT_RETURN_TYPE = YES_ERROR;
				GCC_WARN_UNDECLARED_SELECTOR = YES;
				GCC_WARN_UNINITIALIZED_AUTOS = YES_AGGRESSIVE;
				GCC_WARN_UNUSED_FUNCTION = YES;
				GCC_WARN_UNUSED_VARIABLE = YES;
				MACOSX_DEPLOYMENT_TARGET = 11.3;
				MTL_ENABLE_DEBUG_INFO = INCLUDE_SOURCE;
				MTL_FAST_MATH = YES;
				ONLY_ACTIVE_ARCH = YES;
				SDKROOT = macosx;
			};
			name = Debug;
		};
		C775C19926AC91D20024D8E5 /* Release */ = {
			isa = XCBuildConfiguration;
			buildSettings = {
				ALWAYS_SEARCH_USER_PATHS = NO;
				CLANG_ANALYZER_NONNULL = YES;
				CLANG_ANALYZER_NUMBER_OBJECT_CONVERSION = YES_AGGRESSIVE;
				CLANG_CXX_LANGUAGE_STANDARD = "gnu++14";
				CLANG_CXX_LIBRARY = "libc++";
				CLANG_ENABLE_MODULES = YES;
				CLANG_ENABLE_OBJC_ARC = YES;
				CLANG_ENABLE_OBJC_WEAK = YES;
				CLANG_WARN_BLOCK_CAPTURE_AUTORELEASING = YES;
				CLANG_WARN_BOOL_CONVERSION = YES;
				CLANG_WARN_COMMA = YES;
				CLANG_WARN_CONSTANT_CONVERSION = YES;
				CLANG_WARN_DEPRECATED_OBJC_IMPLEMENTATIONS = YES;
				CLANG_WARN_DIRECT_OBJC_ISA_USAGE = YES_ERROR;
				CLANG_WARN_DOCUMENTATION_COMMENTS = YES;
				CLANG_WARN_EMPTY_BODY = YES;
				CLANG_WARN_ENUM_CONVERSION = YES;
				CLANG_WARN_INFINITE_RECURSION = YES;
				CLANG_WARN_INT_CONVERSION = YES;
				CLANG_WARN_NON_LITERAL_NULL_CONVERSION = YES;
				CLANG_WARN_OBJC_IMPLICIT_RETAIN_SELF = YES;
				CLANG_WARN_OBJC_LITERAL_CONVERSION = YES;
				CLANG_WARN_OBJC_ROOT_CLASS = YES_ERROR;
				CLANG_WARN_QUOTED_INCLUDE_IN_FRAMEWORK_HEADER = YES;
				CLANG_WARN_RANGE_LOOP_ANALYSIS = YES;
				CLANG_WARN_STRICT_PROTOTYPES = YES;
				CLANG_WARN_SUSPICIOUS_MOVE = YES;
				CLANG_WARN_UNGUARDED_AVAILABILITY = YES_AGGRESSIVE;
				CLANG_WARN_UNREACHABLE_CODE = YES;
				CLANG_WARN__DUPLICATE_METHOD_MATCH = YES;
				COPY_PHASE_STRIP = NO;
				DEBUG_INFORMATION_FORMAT = "dwarf-with-dsym";
				ENABLE_NS_ASSERTIONS = NO;
				ENABLE_STRICT_OBJC_MSGSEND = YES;
				GCC_C_LANGUAGE_STANDARD = gnu11;
				GCC_NO_COMMON_BLOCKS = YES;
				GCC_WARN_64_TO_32_BIT_CONVERSION = YES;
				GCC_WARN_ABOUT_RETURN_TYPE = YES_ERROR;
				GCC_WARN_UNDECLARED_SELECTOR = YES;
				GCC_WARN_UNINITIALIZED_AUTOS = YES_AGGRESSIVE;
				GCC_WARN_UNUSED_FUNCTION = YES;
				GCC_WARN_UNUSED_VARIABLE = YES;
				MACOSX_DEPLOYMENT_TARGET = 11.3;
				MTL_ENABLE_DEBUG_INFO = NO;
				MTL_FAST_MATH = YES;
				SDKROOT = macosx;
			};
			name = Release;
		};
		C775C19B26AC91D20024D8E5 /* Debug */ = {
			isa = XCBuildConfiguration;
			buildSettings = {
				CODE_SIGN_STYLE = Automatic;
				HEADER_SEARCH_PATHS = "$(PROJECT_DIR)/Externals/Include";
				LIBRARY_SEARCH_PATHS = "$(PROJECT_DIR)/Externals/Libraries";
				PRODUCT_NAME = "$(TARGET_NAME)";
			};
			name = Debug;
		};
		C775C19C26AC91D20024D8E5 /* Release */ = {
			isa = XCBuildConfiguration;
			buildSettings = {
				CODE_SIGN_STYLE = Automatic;
				HEADER_SEARCH_PATHS = "$(PROJECT_DIR)/Externals/Include";
				LIBRARY_SEARCH_PATHS = "$(PROJECT_DIR)/Externals/Libraries";
				PRODUCT_NAME = "$(TARGET_NAME)";
			};
			name = Release;
		};
/* End XCBuildConfiguration section */

/* Begin XCConfigurationList section */
		C775C18E26AC91D20024D8E5 /* Build configuration list for PBXProject "HelloOpenGL" */ = {
			isa = XCConfigurationList;
			buildConfigurations = (
				C775C19826AC91D20024D8E5 /* Debug */,
				C775C19926AC91D20024D8E5 /* Release */,
			);
			defaultConfigurationIsVisible = 0;
			defaultConfigurationName = Release;
		};
		C775C19A26AC91D20024D8E5 /* Build configuration list for PBXNativeTarget "HelloOpenGL" */ = {
			isa = XCConfigurationList;
			buildConfigurations = (
				C775C19B26AC91D20024D8E5 /* Debug */,
				C775C19C26AC91D20024D8E5 /* Release */,
			);
			defaultConfigurationIsVisible = 0;
			defaultConfigurationName = Release;
		};
/* End XCConfigurationList section */
	};
	rootObject = C775C18B26AC91D20024D8E5 /* Project object */;
}
